PATH
  remote: ../..
  specs:
    marcel (1.2.1)

GEM
  remote: https://rubygems.org/
  specs:
    drb (2.2.3)
    minitest (6.0.6)
      drb (~> 2.0)
      prism (~> 1.5)
    prism (1.9.0)
    rack (3.2.7)
    rake (13.4.2)

PLATFORMS
  arm64-darwin-27
  ruby

DEPENDENCIES
  bundler (>= 1.7)
  marcel!
  minitest (~> 6.0)
  rack (>= 2)
  rake (>= 13.0)

BUNDLED WITH
   2.4.22
