GEM
  remote: https://rubygems.org/
  specs:
    logger (1.7.0)
    net-http (0.9.1)
      uri (>= 0.11.1)
    protobug (0.1.0)
    protobug_googleapis_field_behavior_protos (0.1.0)
      protobug (= 0.1.0)
      protobug_well_known_protos (= 0.1.0)
    protobug_sigstore_protos (0.1.0)
      protobug (= 0.1.0)
      protobug_googleapis_field_behavior_protos (= 0.1.0)
      protobug_well_known_protos (= 0.1.0)
    protobug_well_known_protos (0.1.0)
      protobug (= 0.1.0)
    sigstore (0.2.3)
      logger
      net-http
      protobug_sigstore_protos (~> 0.1.0)
      uri
    sigstore-cli (0.2.3)
      sigstore (= 0.2.3)
      thor
    thor (1.5.0)
    uri (1.1.1)

PLATFORMS
  arm64-darwin
  ruby

DEPENDENCIES
  sigstore-cli (= 0.2.3)

CHECKSUMS
  logger (1.7.0) sha256=196edec7cc44b66cfb40f9755ce11b392f21f7967696af15d274dde7edff0203
  net-http (0.9.1) sha256=25ba0b67c63e89df626ed8fac771d0ad24ad151a858af2cc8e6a716ca4336996
  protobug (0.1.0) sha256=5bf1356cedf99dcf311890743b78f5e602f62ca703e574764337f1996b746bf2
  protobug_googleapis_field_behavior_protos (0.1.0) sha256=db48ef6a5913b2355b4a6931ab400a9e3e995fb48499977a3ad0be6365f9e265
  protobug_sigstore_protos (0.1.0) sha256=4ad1eebaf6454131b6f432dda50ad0e513773613474b92470847614a5acacce1
  protobug_well_known_protos (0.1.0) sha256=356757f562453bb34a28f12e8e9fa357346cca35a6807a549837c3fe256bb5b3
  sigstore (0.2.3) sha256=fe60a7b15254eaec765388fc7ad54ee6298f48a36bcea06173e91ecd7ce52c7f
  sigstore-cli (0.2.3) sha256=0d0449461797460a4c31de6f57e9f0bf2df6b0e9faec2e88e52268ec7a1a39c9
  thor (1.5.0) sha256=e3a9e55fe857e44859ce104a84675ab6e8cd59c650a49106a05f55f136425e73
  uri (1.1.1) sha256=379fa58d27ffb1387eaada68c749d1426738bd0f654d812fcc07e7568f5c57c6

BUNDLED WITH
  4.0.6
